
Microsoft Visual Studio Solution File, Format Version 12.00
# Visual Studio Version 16
VisualStudioVersion = 16.0.31112.23
MinimumVisualStudioVersion = 10.0.40219.1
Project("{FAE04EC0-301F-11D3-BF4B-00C04F79EFBC}") = "WindowsFormsApp", "WindowsFormsApp\WindowsFormsApp.csproj", "{9A35BE5A-CA95-4F67-B3C4-78577BF6EAA9}"
EndProject
Project("{9A19103F-16F7-4668-BE54-9A1E7A4F7556}") = "LibraryClass", "LibraryClass\LibraryClass.csproj", "{C25FFFD0-56D9-4811-A1DE-A68FB5088D4A}"
EndProject
Project("{9A19103F-16F7-4668-BE54-9A1E7A4F7556}") = "ListImplement", "ListImplement\ListImplement.csproj", "{244471E8-A07F-4836-BCF3-E5BB9F92192A}"
EndProject
Project("{9A19103F-16F7-4668-BE54-9A1E7A4F7556}") = "DatabaseImplement", "DatabaseImplement\DatabaseImplement.csproj", "{B7532510-1558-4E84-94F1-081C458C626B}"
EndProject
Project("{FAE04EC0-301F-11D3-BF4B-00C04F79EFBC}") = "FileImplement", "FileDataListSingleton\FileImplement.csproj", "{8F26597F-2F50-4C9D-8D77-AE62B5FBCD2F}"
EndProject
Global
	GlobalSection(SolutionConfigurationPlatforms) = preSolution
		Debug|Any CPU = Debug|Any CPU
		Release|Any CPU = Release|Any CPU
	EndGlobalSection
	GlobalSection(ProjectConfigurationPlatforms) = postSolution
		{9A35BE5A-CA95-4F67-B3C4-78577BF6EAA9}.Debug|Any CPU.ActiveCfg = Debug|Any CPU
		{9A35BE5A-CA95-4F67-B3C4-78577BF6EAA9}.Debug|Any CPU.Build.0 = Debug|Any CPU
		{9A35BE5A-CA95-4F67-B3C4-78577BF6EAA9}.Release|Any CPU.ActiveCfg = Release|Any CPU
		{9A35BE5A-CA95-4F67-B3C4-78577BF6EAA9}.Release|Any CPU.Build.0 = Release|Any CPU
		{C25FFFD0-56D9-4811-A1DE-A68FB5088D4A}.Debug|Any CPU.ActiveCfg = Debug|Any CPU
		{C25FFFD0-56D9-4811-A1DE-A68FB5088D4A}.Debug|Any CPU.Build.0 = Debug|Any CPU
		{C25FFFD0-56D9-4811-A1DE-A68FB5088D4A}.Release|Any CPU.ActiveCfg = Release|Any CPU
		{C25FFFD0-56D9-4811-A1DE-A68FB5088D4A}.Release|Any CPU.Build.0 = Release|Any CPU
		{244471E8-A07F-4836-BCF3-E5BB9F92192A}.Debug|Any CPU.ActiveCfg = Debug|Any CPU
		{244471E8-A07F-4836-BCF3-E5BB9F92192A}.Debug|Any CPU.Build.0 = Debug|Any CPU
		{244471E8-A07F-4836-BCF3-E5BB9F92192A}.Release|Any CPU.ActiveCfg = Release|Any CPU
		{244471E8-A07F-4836-BCF3-E5BB9F92192A}.Release|Any CPU.Build.0 = Release|Any CPU
		{B7532510-1558-4E84-94F1-081C458C626B}.Debug|Any CPU.ActiveCfg = Debug|Any CPU
		{B7532510-1558-4E84-94F1-081C458C626B}.Debug|Any CPU.Build.0 = Debug|Any CPU
		{B7532510-1558-4E84-94F1-081C458C626B}.Release|Any CPU.ActiveCfg = Release|Any CPU
		{B7532510-1558-4E84-94F1-081C458C626B}.Release|Any CPU.Build.0 = Release|Any CPU
		{8F26597F-2F50-4C9D-8D77-AE62B5FBCD2F}.Debug|Any CPU.ActiveCfg = Debug|Any CPU
		{8F26597F-2F50-4C9D-8D77-AE62B5FBCD2F}.Debug|Any CPU.Build.0 = Debug|Any CPU
		{8F26597F-2F50-4C9D-8D77-AE62B5FBCD2F}.Release|Any CPU.ActiveCfg = Release|Any CPU
		{8F26597F-2F50-4C9D-8D77-AE62B5FBCD2F}.Release|Any CPU.Build.0 = Release|Any CPU
	EndGlobalSection
	GlobalSection(SolutionProperties) = preSolution
		HideSolutionNode = FALSE
	EndGlobalSection
	GlobalSection(ExtensibilityGlobals) = postSolution
		SolutionGuid = {032B28D5-C4C7-4DC0-AB76-8D544CAFC6CC}
	EndGlobalSection
EndGlobal
